
Microsoft Visual Studio Solution File, Format Version 12.00
# Visual Studio 15
VisualStudioVersion = 15.0.27703.2026
MinimumVisualStudioVersion = 10.0.40219.1
Project("{FAE04EC0-301F-11D3-BF4B-00C04F79EFBC}") = "demots2", "demots2\demots2.csproj", "{C2CFFBEB-97DB-401A-99A8-D11F44376442}"
EndProject
Global
	GlobalSection(SolutionConfigurationPlatforms) = preSolution
		Debug|Any CPU = Debug|Any CPU
		Release|Any CPU = Release|Any CPU
	EndGlobalSection
	GlobalSection(ProjectConfigurationPlatforms) = postSolution
		{C2CFFBEB-97DB-401A-99A8-D11F44376442}.Debug|Any CPU.ActiveCfg = Debug|Any CPU
		{C2CFFBEB-97DB-401A-99A8-D11F44376442}.Debug|Any CPU.Build.0 = Debug|Any CPU
		{C2CFFBEB-97DB-401A-99A8-D11F44376442}.Release|Any CPU.ActiveCfg = Release|Any CPU
		{C2CFFBEB-97DB-401A-99A8-D11F44376442}.Release|Any CPU.Build.0 = Release|Any CPU
	EndGlobalSection
	GlobalSection(SolutionProperties) = preSolution
		HideSolutionNode = FALSE
	EndGlobalSection
	GlobalSection(ExtensibilityGlobals) = postSolution
		SolutionGuid = {984041EA-4249-4F74-9F23-C19D338D5D5C}
	EndGlobalSection
EndGlobal
